
Microsoft Visual Studio Solution File, Format Version 12.00
# Visual Studio Version 16
VisualStudioVersion = 16.0.31702.278
MinimumVisualStudioVersion = 10.0.40219.1
Project("{FAE04EC0-301F-11D3-BF4B-00C04F79EFBC}") = "TP_Final", "TP_Final\TP_Final.csproj", "{5FEDC207-3F2E-46A2-A62C-6101BDB31238}"
EndProject
Project("{FAE04EC0-301F-11D3-BF4B-00C04F79EFBC}") = "TP_Final.Test", "TP_Final.Test\TP_Final.Test.csproj", "{FB1BC9F9-2AEB-4081-B1AE-D1B1F976C3B3}"
EndProject
Global
	GlobalSection(SolutionConfigurationPlatforms) = preSolution
		Debug|Any CPU = Debug|Any CPU
		Release|Any CPU = Release|Any CPU
	EndGlobalSection
	GlobalSection(ProjectConfigurationPlatforms) = postSolution
		{5FEDC207-3F2E-46A2-A62C-6101BDB31238}.Debug|Any CPU.ActiveCfg = Debug|Any CPU
		{5FEDC207-3F2E-46A2-A62C-6101BDB31238}.Debug|Any CPU.Build.0 = Debug|Any CPU
		{5FEDC207-3F2E-46A2-A62C-6101BDB31238}.Release|Any CPU.ActiveCfg = Release|Any CPU
		{5FEDC207-3F2E-46A2-A62C-6101BDB31238}.Release|Any CPU.Build.0 = Release|Any CPU
		{FB1BC9F9-2AEB-4081-B1AE-D1B1F976C3B3}.Debug|Any CPU.ActiveCfg = Debug|Any CPU
		{FB1BC9F9-2AEB-4081-B1AE-D1B1F976C3B3}.Debug|Any CPU.Build.0 = Debug|Any CPU
		{FB1BC9F9-2AEB-4081-B1AE-D1B1F976C3B3}.Release|Any CPU.ActiveCfg = Release|Any CPU
		{FB1BC9F9-2AEB-4081-B1AE-D1B1F976C3B3}.Release|Any CPU.Build.0 = Release|Any CPU
	EndGlobalSection
	GlobalSection(SolutionProperties) = preSolution
		HideSolutionNode = FALSE
	EndGlobalSection
	GlobalSection(ExtensibilityGlobals) = postSolution
		SolutionGuid = {B94D8BB4-7400-431C-95E8-7D4013BB04B5}
	EndGlobalSection
EndGlobal
